// !$*UTF8*$!
{
	archiveVersion = 1;
	classes = {
	};
	objectVersion = 55;
	objects = {

/* Begin PBXBuildFile section */
		0A61E5D5279D8753007DDC33 /* LikeCounterControlView.swift in Sources */ = {isa = PBXBuildFile; fileRef = 0A61E5D4279D8753007DDC33 /* LikeCounterControlView.swift */; };
		0A61E5D7279D87D6007DDC33 /* LikeCounterControlView.xib in Resources */ = {isa = PBXBuildFile; fileRef = 0A61E5D6279D87D6007DDC33 /* LikeCounterControlView.xib */; };
		0A8A4FF22784A99200A28149 /* MyGroupsListController.swift in Sources */ = {isa = PBXBuildFile; fileRef = 0A8A4FF12784A99200A28149 /* MyGroupsListController.swift */; };
		0A8A4FF52784AA7800A28149 /* MyGroupsListController + TableDelegate.swift in Sources */ = {isa = PBXBuildFile; fileRef = 0A8A4FF42784AA7800A28149 /* MyGroupsListController + TableDelegate.swift */; };
		0A8A4FF72784AA8D00A28149 /* MyGroupsListController + TableDataSource.swift in Sources */ = {isa = PBXBuildFile; fileRef = 0A8A4FF62784AA8D00A28149 /* MyGroupsListController + TableDataSource.swift */; };
		0A8A4FF92785C77000A28149 /* AllGroupsListController.swift in Sources */ = {isa = PBXBuildFile; fileRef = 0A8A4FF82785C77000A28149 /* AllGroupsListController.swift */; };
		0A8A4FFC2785CA8D00A28149 /* AllGroupsListController + TableDelegate.swift in Sources */ = {isa = PBXBuildFile; fileRef = 0A8A4FFB2785CA8D00A28149 /* AllGroupsListController + TableDelegate.swift */; };
		0A8A4FFE2785CB3F00A28149 /* AllGroupsListController + TableDataSource.swift in Sources */ = {isa = PBXBuildFile; fileRef = 0A8A4FFD2785CB3F00A28149 /* AllGroupsListController + TableDataSource.swift */; };
		0A8A504B278F2AD000A28149 /* Storage.swift in Sources */ = {isa = PBXBuildFile; fileRef = 0A8A504A278F2AD000A28149 /* Storage.swift */; };
		0A8A504D279413A900A28149 /* FriendsListController + SearchBarDelegate.swift in Sources */ = {isa = PBXBuildFile; fileRef = 0A8A504C279413A900A28149 /* FriendsListController + SearchBarDelegate.swift */; };
		0A8A5050279417CD00A28149 /* Friend.swift in Sources */ = {isa = PBXBuildFile; fileRef = 0A8A504F279417CD00A28149 /* Friend.swift */; };
		0A8A5052279417DE00A28149 /* Group.swift in Sources */ = {isa = PBXBuildFile; fileRef = 0A8A5051279417DE00A28149 /* Group.swift */; };
		0A8A505527942C0800A28149 /* GalleryController.swift in Sources */ = {isa = PBXBuildFile; fileRef = 0A8A505427942C0800A28149 /* GalleryController.swift */; };
		0A8A505927942E8800A28149 /* GalleryCell.swift in Sources */ = {isa = PBXBuildFile; fileRef = 0A8A505727942E8800A28149 /* GalleryCell.swift */; };
		0A8A505A27942E8800A28149 /* GalleryCell.xib in Resources */ = {isa = PBXBuildFile; fileRef = 0A8A505827942E8800A28149 /* GalleryCell.xib */; };
		0A8A505C2794330600A28149 /* GalleryController + CollectionDataSource.swift in Sources */ = {isa = PBXBuildFile; fileRef = 0A8A505B2794330600A28149 /* GalleryController + CollectionDataSource.swift */; };
		0A8A505E2794332700A28149 /* GalleryController + CollectionDelegateFlowLayout.swift in Sources */ = {isa = PBXBuildFile; fileRef = 0A8A505D2794332700A28149 /* GalleryController + CollectionDelegateFlowLayout.swift */; };
		0A8A506027943F5900A28149 /* GalleryController + CollectionDelegate.swift in Sources */ = {isa = PBXBuildFile; fileRef = 0A8A505F27943F5900A28149 /* GalleryController + CollectionDelegate.swift */; };
		0A8A5063279442A400A28149 /* PhotoViewController.swift in Sources */ = {isa = PBXBuildFile; fileRef = 0A8A5062279442A400A28149 /* PhotoViewController.swift */; };
		0ABA0FD827A0720500E6A056 /* LoadingViewController.swift in Sources */ = {isa = PBXBuildFile; fileRef = 0ABA0FD727A0720500E6A056 /* LoadingViewController.swift */; };
		0ABA0FDA27BAA84B00E6A056 /* Singleton.swift in Sources */ = {isa = PBXBuildFile; fileRef = 0ABA0FD927BAA84B00E6A056 /* Singleton.swift */; };
		0AC856FF277AF3A5004255E7 /* AppDelegate.swift in Sources */ = {isa = PBXBuildFile; fileRef = 0AC856FE277AF3A5004255E7 /* AppDelegate.swift */; };
		0AC85701277AF3A5004255E7 /* SceneDelegate.swift in Sources */ = {isa = PBXBuildFile; fileRef = 0AC85700277AF3A5004255E7 /* SceneDelegate.swift */; };
		0AC85706277AF3A5004255E7 /* Main.storyboard in Resources */ = {isa = PBXBuildFile; fileRef = 0AC85704277AF3A5004255E7 /* Main.storyboard */; };
		0AC85708277AF3A8004255E7 /* Assets.xcassets in Resources */ = {isa = PBXBuildFile; fileRef = 0AC85707277AF3A8004255E7 /* Assets.xcassets */; };
		0AC8570B277AF3A8004255E7 /* LaunchScreen.storyboard in Resources */ = {isa = PBXBuildFile; fileRef = 0AC85709277AF3A8004255E7 /* LaunchScreen.storyboard */; };
		0AC85713277AF3FC004255E7 /* LoginViewController.swift in Sources */ = {isa = PBXBuildFile; fileRef = 0AC85712277AF3FC004255E7 /* LoginViewController.swift */; };
		0AC8573527848529004255E7 /* FriendsListController.swift in Sources */ = {isa = PBXBuildFile; fileRef = 0AC8573427848529004255E7 /* FriendsListController.swift */; };
		0AC8573C27848708004255E7 /* UniversalTableViewCell.swift in Sources */ = {isa = PBXBuildFile; fileRef = 0AC8573A27848708004255E7 /* UniversalTableViewCell.swift */; };
		0AC8573D27848708004255E7 /* UniversalTableViewCell.xib in Resources */ = {isa = PBXBuildFile; fileRef = 0AC8573B27848708004255E7 /* UniversalTableViewCell.xib */; };
		0AC8573F27848EE4004255E7 /* FriendsListController + TableDataSource.swift in Sources */ = {isa = PBXBuildFile; fileRef = 0AC8573E27848EE4004255E7 /* FriendsListController + TableDataSource.swift */; };
		0AC857412784930D004255E7 /* FriendsListController + TableDelegate.swift in Sources */ = {isa = PBXBuildFile; fileRef = 0AC857402784930D004255E7 /* FriendsListController + TableDelegate.swift */; };
		0AC8574327849460004255E7 /* Constants.swift in Sources */ = {isa = PBXBuildFile; fileRef = 0AC8574227849460004255E7 /* Constants.swift */; };
/* End PBXBuildFile section */

/* Begin PBXFileReference section */
		0A61E5D4279D8753007DDC33 /* LikeCounterControlView.swift */ = {isa = PBXFileReference; lastKnownFileType = sourcecode.swift; path = LikeCounterControlView.swift; sourceTree = "<group>"; };
		0A61E5D6279D87D6007DDC33 /* LikeCounterControlView.xib */ = {isa = PBXFileReference; lastKnownFileType = file.xib; path = LikeCounterControlView.xib; sourceTree = "<group>"; };
		0A8A4FF12784A99200A28149 /* MyGroupsListController.swift */ = {isa = PBXFileReference; lastKnownFileType = sourcecode.swift; path = MyGroupsListController.swift; sourceTree = "<group>"; };
		0A8A4FF42784AA7800A28149 /* MyGroupsListController + TableDelegate.swift */ = {isa = PBXFileReference; lastKnownFileType = sourcecode.swift; path = "MyGroupsListController + TableDelegate.swift"; sourceTree = "<group>"; };
		0A8A4FF62784AA8D00A28149 /* MyGroupsListController + TableDataSource.swift */ = {isa = PBXFileReference; lastKnownFileType = sourcecode.swift; path = "MyGroupsListController + TableDataSource.swift"; sourceTree = "<group>"; };
		0A8A4FF82785C77000A28149 /* AllGroupsListController.swift */ = {isa = PBXFileReference; lastKnownFileType = sourcecode.swift; path = AllGroupsListController.swift; sourceTree = "<group>"; };
		0A8A4FFB2785CA8D00A28149 /* AllGroupsListController + TableDelegate.swift */ = {isa = PBXFileReference; lastKnownFileType = sourcecode.swift; path = "AllGroupsListController + TableDelegate.swift"; sourceTree = "<group>"; };
		0A8A4FFD2785CB3F00A28149 /* AllGroupsListController + TableDataSource.swift */ = {isa = PBXFileReference; lastKnownFileType = sourcecode.swift; path = "AllGroupsListController + TableDataSource.swift"; sourceTree = "<group>"; };
		0A8A504A278F2AD000A28149 /* Storage.swift */ = {isa = PBXFileReference; lastKnownFileType = sourcecode.swift; path = Storage.swift; sourceTree = "<group>"; };
		0A8A504C279413A900A28149 /* FriendsListController + SearchBarDelegate.swift */ = {isa = PBXFileReference; lastKnownFileType = sourcecode.swift; path = "FriendsListController + SearchBarDelegate.swift"; sourceTree = "<group>"; };
		0A8A504F279417CD00A28149 /* Friend.swift */ = {isa = PBXFileReference; lastKnownFileType = sourcecode.swift; path = Friend.swift; sourceTree = "<group>"; };
		0A8A5051279417DE00A28149 /* Group.swift */ = {isa = PBXFileReference; lastKnownFileType = sourcecode.swift; path = Group.swift; sourceTree = "<group>"; };
		0A8A505427942C0800A28149 /* GalleryController.swift */ = {isa = PBXFileReference; lastKnownFileType = sourcecode.swift; path = GalleryController.swift; sourceTree = "<group>"; };
		0A8A505727942E8800A28149 /* GalleryCell.swift */ = {isa = PBXFileReference; lastKnownFileType = sourcecode.swift; path = GalleryCell.swift; sourceTree = "<group>"; };
		0A8A505827942E8800A28149 /* GalleryCell.xib */ = {isa = PBXFileReference; lastKnownFileType = file.xib; path = GalleryCell.xib; sourceTree = "<group>"; };
		0A8A505B2794330600A28149 /* GalleryController + CollectionDataSource.swift */ = {isa = PBXFileReference; lastKnownFileType = sourcecode.swift; path = "GalleryController + CollectionDataSource.swift"; sourceTree = "<group>"; };
		0A8A505D2794332700A28149 /* GalleryController + CollectionDelegateFlowLayout.swift */ = {isa = PBXFileReference; lastKnownFileType = sourcecode.swift; path = "GalleryController + CollectionDelegateFlowLayout.swift"; sourceTree = "<group>"; };
		0A8A505F27943F5900A28149 /* GalleryController + CollectionDelegate.swift */ = {isa = PBXFileReference; lastKnownFileType = sourcecode.swift; path = "GalleryController + CollectionDelegate.swift"; sourceTree = "<group>"; };
		0A8A5062279442A400A28149 /* PhotoViewController.swift */ = {isa = PBXFileReference; lastKnownFileType = sourcecode.swift; path = PhotoViewController.swift; sourceTree = "<group>"; };
		0ABA0FD727A0720500E6A056 /* LoadingViewController.swift */ = {isa = PBXFileReference; lastKnownFileType = sourcecode.swift; path = LoadingViewController.swift; sourceTree = "<group>"; };
		0ABA0FD927BAA84B00E6A056 /* Singleton.swift */ = {isa = PBXFileReference; lastKnownFileType = sourcecode.swift; path = Singleton.swift; sourceTree = "<group>"; };
		0AC856FB277AF3A5004255E7 /* VK Client.app */ = {isa = PBXFileReference; explicitFileType = wrapper.application; includeInIndex = 0; path = "VK Client.app"; sourceTree = BUILT_PRODUCTS_DIR; };
		0AC856FE277AF3A5004255E7 /* AppDelegate.swift */ = {isa = PBXFileReference; lastKnownFileType = sourcecode.swift; path = AppDelegate.swift; sourceTree = "<group>"; };
		0AC85700277AF3A5004255E7 /* SceneDelegate.swift */ = {isa = PBXFileReference; lastKnownFileType = sourcecode.swift; path = SceneDelegate.swift; sourceTree = "<group>"; };
		0AC85705277AF3A5004255E7 /* Base */ = {isa = PBXFileReference; lastKnownFileType = file.storyboard; name = Base; path = Base.lproj/Main.storyboard; sourceTree = "<group>"; };
		0AC85707277AF3A8004255E7 /* Assets.xcassets */ = {isa = PBXFileReference; lastKnownFileType = folder.assetcatalog; path = Assets.xcassets; sourceTree = "<group>"; };
		0AC8570A277AF3A8004255E7 /* Base */ = {isa = PBXFileReference; lastKnownFileType = file.storyboard; name = Base; path = Base.lproj/LaunchScreen.storyboard; sourceTree = "<group>"; };
		0AC8570C277AF3A8004255E7 /* Info.plist */ = {isa = PBXFileReference; lastKnownFileType = text.plist.xml; path = Info.plist; sourceTree = "<group>"; };
		0AC85712277AF3FC004255E7 /* LoginViewController.swift */ = {isa = PBXFileReference; lastKnownFileType = sourcecode.swift; path = LoginViewController.swift; sourceTree = "<group>"; };
		0AC8573427848529004255E7 /* FriendsListController.swift */ = {isa = PBXFileReference; lastKnownFileType = sourcecode.swift; path = FriendsListController.swift; sourceTree = "<group>"; };
		0AC8573A27848708004255E7 /* UniversalTableViewCell.swift */ = {isa = PBXFileReference; lastKnownFileType = sourcecode.swift; path = UniversalTableViewCell.swift; sourceTree = "<group>"; };
		0AC8573B27848708004255E7 /* UniversalTableViewCell.xib */ = {isa = PBXFileReference; lastKnownFileType = file.xib; path = UniversalTableViewCell.xib; sourceTree = "<group>"; };
		0AC8573E27848EE4004255E7 /* FriendsListController + TableDataSource.swift */ = {isa = PBXFileReference; lastKnownFileType = sourcecode.swift; path = "FriendsListController + TableDataSource.swift"; sourceTree = "<group>"; };
		0AC857402784930D004255E7 /* FriendsListController + TableDelegate.swift */ = {isa = PBXFileReference; lastKnownFileType = sourcecode.swift; path = "FriendsListController + TableDelegate.swift"; sourceTree = "<group>"; };
		0AC8574227849460004255E7 /* Constants.swift */ = {isa = PBXFileReference; lastKnownFileType = sourcecode.swift; path = Constants.swift; sourceTree = "<group>"; };
/* End PBXFileReference section */

/* Begin PBXFrameworksBuildPhase section */
		0AC856F8277AF3A5004255E7 /* Frameworks */ = {
			isa = PBXFrameworksBuildPhase;
			buildActionMask = 2147483647;
			files = (
			);
			runOnlyForDeploymentPostprocessing = 0;
		};
/* End PBXFrameworksBuildPhase section */

/* Begin PBXGroup section */
		0A61E5D8279D8802007DDC33 /* LikeCounterControlView */ = {
			isa = PBXGroup;
			children = (
				0A61E5D4279D8753007DDC33 /* LikeCounterControlView.swift */,
				0A61E5D6279D87D6007DDC33 /* LikeCounterControlView.xib */,
			);
			path = LikeCounterControlView;
			sourceTree = "<group>";
		};
		0A8A4FF32784A99B00A28149 /* MyGroupsListController */ = {
			isa = PBXGroup;
			children = (
				0A8A4FF12784A99200A28149 /* MyGroupsListController.swift */,
				0A8A4FF42784AA7800A28149 /* MyGroupsListController + TableDelegate.swift */,
				0A8A4FF62784AA8D00A28149 /* MyGroupsListController + TableDataSource.swift */,
			);
			path = MyGroupsListController;
			sourceTree = "<group>";
		};
		0A8A4FFA2785C77500A28149 /* AllGroupsListViewController */ = {
			isa = PBXGroup;
			children = (
				0A8A4FF82785C77000A28149 /* AllGroupsListController.swift */,
				0A8A4FFB2785CA8D00A28149 /* AllGroupsListController + TableDelegate.swift */,
				0A8A4FFD2785CB3F00A28149 /* AllGroupsListController + TableDataSource.swift */,
			);
			path = AllGroupsListViewController;
			sourceTree = "<group>";
		};
		0A8A504E279417B200A28149 /* Models */ = {
			isa = PBXGroup;
			children = (
				0A8A504F279417CD00A28149 /* Friend.swift */,
				0A8A5051279417DE00A28149 /* Group.swift */,
			);
			path = Models;
			sourceTree = "<group>";
		};
		0A8A505327942BB200A28149 /* GalleryController */ = {
			isa = PBXGroup;
			children = (
				0A8A505427942C0800A28149 /* GalleryController.swift */,
				0A8A505F27943F5900A28149 /* GalleryController + CollectionDelegate.swift */,
				0A8A505B2794330600A28149 /* GalleryController + CollectionDataSource.swift */,
				0A8A505D2794332700A28149 /* GalleryController + CollectionDelegateFlowLayout.swift */,
				0A8A505627942E5D00A28149 /* cell */,
			);
			path = GalleryController;
			sourceTree = "<group>";
		};
		0A8A505627942E5D00A28149 /* cell */ = {
			isa = PBXGroup;
			children = (
				0A8A505727942E8800A28149 /* GalleryCell.swift */,
				0A8A505827942E8800A28149 /* GalleryCell.xib */,
			);
			path = cell;
			sourceTree = "<group>";
		};
		0A8A50612794426700A28149 /* PhotoViewController */ = {
			isa = PBXGroup;
			children = (
				0A8A5062279442A400A28149 /* PhotoViewController.swift */,
			);
			path = PhotoViewController;
			sourceTree = "<group>";
		};
		0ABA0FDB27BAA85400E6A056 /* Singleton */ = {
			isa = PBXGroup;
			children = (
				0A8A504A278F2AD000A28149 /* Storage.swift */,
				0ABA0FD927BAA84B00E6A056 /* Singleton.swift */,
			);
			path = Singleton;
			sourceTree = "<group>";
		};
		0AC856F2277AF3A5004255E7 = {
			isa = PBXGroup;
			children = (
				0AC856FD277AF3A5004255E7 /* VK Client */,
				0AC856FC277AF3A5004255E7 /* Products */,
			);
			sourceTree = "<group>";
		};
		0AC856FC277AF3A5004255E7 /* Products */ = {
			isa = PBXGroup;
			children = (
				0AC856FB277AF3A5004255E7 /* VK Client.app */,
			);
			name = Products;
			sourceTree = "<group>";
		};
		0AC856FD277AF3A5004255E7 /* VK Client */ = {
			isa = PBXGroup;
			children = (
				0AC856FE277AF3A5004255E7 /* AppDelegate.swift */,
				0AC85700277AF3A5004255E7 /* SceneDelegate.swift */,
				0AC8574227849460004255E7 /* Constants.swift */,
				0AC85704277AF3A5004255E7 /* Main.storyboard */,
				0ABA0FDB27BAA85400E6A056 /* Singleton */,
				0AC85739278486D2004255E7 /* Cell */,
				0A8A504E279417B200A28149 /* Models */,
				0AC8573627848633004255E7 /* Controllers */,
				0AC85707277AF3A8004255E7 /* Assets.xcassets */,
				0AC85709277AF3A8004255E7 /* LaunchScreen.storyboard */,
				0AC8570C277AF3A8004255E7 /* Info.plist */,
			);
			path = "VK Client";
			sourceTree = "<group>";
		};
		0AC8573627848633004255E7 /* Controllers */ = {
			isa = PBXGroup;
			children = (
				0ABA0FD727A0720500E6A056 /* LoadingViewController.swift */,
				0A61E5D8279D8802007DDC33 /* LikeCounterControlView */,
				0A8A50612794426700A28149 /* PhotoViewController */,
				0A8A505327942BB200A28149 /* GalleryController */,
				0A8A4FFA2785C77500A28149 /* AllGroupsListViewController */,
				0A8A4FF32784A99B00A28149 /* MyGroupsListController */,
				0AC8573727848669004255E7 /* FriendsListController */,
				0AC8573827848676004255E7 /* LoginViewController */,
			);
			path = Controllers;
			sourceTree = "<group>";
		};
		0AC8573727848669004255E7 /* FriendsListController */ = {
			isa = PBXGroup;
			children = (
				0AC8573427848529004255E7 /* FriendsListController.swift */,
				0AC8573E27848EE4004255E7 /* FriendsListController + TableDataSource.swift */,
				0AC857402784930D004255E7 /* FriendsListController + TableDelegate.swift */,
				0A8A504C279413A900A28149 /* FriendsListController + SearchBarDelegate.swift */,
			);
			path = FriendsListController;
			sourceTree = "<group>";
		};
		0AC8573827848676004255E7 /* LoginViewController */ = {
			isa = PBXGroup;
			children = (
				0AC85712277AF3FC004255E7 /* LoginViewController.swift */,
			);
			path = LoginViewController;
			sourceTree = "<group>";
		};
		0AC85739278486D2004255E7 /* Cell */ = {
			isa = PBXGroup;
			children = (
				0AC8573A27848708004255E7 /* UniversalTableViewCell.swift */,
				0AC8573B27848708004255E7 /* UniversalTableViewCell.xib */,
			);
			path = Cell;
			sourceTree = "<group>";
		};
/* End PBXGroup section */

/* Begin PBXNativeTarget section */
		0AC856FA277AF3A5004255E7 /* VK Client */ = {
			isa = PBXNativeTarget;
			buildConfigurationList = 0AC8570F277AF3A8004255E7 /* Build configuration list for PBXNativeTarget "VK Client" */;
			buildPhases = (
				0AC856F7277AF3A5004255E7 /* Sources */,
				0AC856F8277AF3A5004255E7 /* Frameworks */,
				0AC856F9277AF3A5004255E7 /* Resources */,
			);
			buildRules = (
			);
			dependencies = (
			);
			name = "VK Client";
			productName = "VK Client";
			productReference = 0AC856FB277AF3A5004255E7 /* VK Client.app */;
			productType = "com.apple.product-type.application";
		};
/* End PBXNativeTarget section */

/* Begin PBXProject section */
		0AC856F3277AF3A5004255E7 /* Project object */ = {
			isa = PBXProject;
			attributes = {
				BuildIndependentTargetsInParallel = 1;
				LastSwiftUpdateCheck = 1310;
				LastUpgradeCheck = 1310;
				TargetAttributes = {
					0AC856FA277AF3A5004255E7 = {
						CreatedOnToolsVersion = 13.1;
					};
				};
			};
			buildConfigurationList = 0AC856F6277AF3A5004255E7 /* Build configuration list for PBXProject "VK Client" */;
			compatibilityVersion = "Xcode 13.0";
			developmentRegion = en;
			hasScannedForEncodings = 0;
			knownRegions = (
				en,
				Base,
			);
			mainGroup = 0AC856F2277AF3A5004255E7;
			productRefGroup = 0AC856FC277AF3A5004255E7 /* Products */;
			projectDirPath = "";
			projectRoot = "";
			targets = (
				0AC856FA277AF3A5004255E7 /* VK Client */,
			);
		};
/* End PBXProject section */

/* Begin PBXResourcesBuildPhase section */
		0AC856F9277AF3A5004255E7 /* Resources */ = {
			isa = PBXResourcesBuildPhase;
			buildActionMask = 2147483647;
			files = (
				0A61E5D7279D87D6007DDC33 /* LikeCounterControlView.xib in Resources */,
				0A8A505A27942E8800A28149 /* GalleryCell.xib in Resources */,
				0AC8570B277AF3A8004255E7 /* LaunchScreen.storyboard in Resources */,
				0AC85708277AF3A8004255E7 /* Assets.xcassets in Resources */,
				0AC85706277AF3A5004255E7 /* Main.storyboard in Resources */,
				0AC8573D27848708004255E7 /* UniversalTableViewCell.xib in Resources */,
			);
			runOnlyForDeploymentPostprocessing = 0;
		};
/* End PBXResourcesBuildPhase section */

/* Begin PBXSourcesBuildPhase section */
		0AC856F7277AF3A5004255E7 /* Sources */ = {
			isa = PBXSourcesBuildPhase;
			buildActionMask = 2147483647;
			files = (
				0AC85713277AF3FC004255E7 /* LoginViewController.swift in Sources */,
				0A8A4FF92785C77000A28149 /* AllGroupsListController.swift in Sources */,
				0AC8573C27848708004255E7 /* UniversalTableViewCell.swift in Sources */,
				0AC8573527848529004255E7 /* FriendsListController.swift in Sources */,
				0A8A4FF72784AA8D00A28149 /* MyGroupsListController + TableDataSource.swift in Sources */,
				0A8A5063279442A400A28149 /* PhotoViewController.swift in Sources */,
				0A8A4FFC2785CA8D00A28149 /* AllGroupsListController + TableDelegate.swift in Sources */,
				0A61E5D5279D8753007DDC33 /* LikeCounterControlView.swift in Sources */,
				0A8A506027943F5900A28149 /* GalleryController + CollectionDelegate.swift in Sources */,
				0A8A504D279413A900A28149 /* FriendsListController + SearchBarDelegate.swift in Sources */,
				0ABA0FDA27BAA84B00E6A056 /* Singleton.swift in Sources */,
				0A8A4FF22784A99200A28149 /* MyGroupsListController.swift in Sources */,
				0ABA0FD827A0720500E6A056 /* LoadingViewController.swift in Sources */,
				0AC8573F27848EE4004255E7 /* FriendsListController + TableDataSource.swift in Sources */,
				0A8A505527942C0800A28149 /* GalleryController.swift in Sources */,
				0A8A505C2794330600A28149 /* GalleryController + CollectionDataSource.swift in Sources */,
				0A8A5052279417DE00A28149 /* Group.swift in Sources */,
				0AC856FF277AF3A5004255E7 /* AppDelegate.swift in Sources */,
				0AC85701277AF3A5004255E7 /* SceneDelegate.swift in Sources */,
				0AC857412784930D004255E7 /* FriendsListController + TableDelegate.swift in Sources */,
				0A8A4FFE2785CB3F00A28149 /* AllGroupsListController + TableDataSource.swift in Sources */,
				0AC8574327849460004255E7 /* Constants.swift in Sources */,
				0A8A505927942E8800A28149 /* GalleryCell.swift in Sources */,
				0A8A5050279417CD00A28149 /* Friend.swift in Sources */,
				0A8A4FF52784AA7800A28149 /* MyGroupsListController + TableDelegate.swift in Sources */,
				0A8A504B278F2AD000A28149 /* Storage.swift in Sources */,
				0A8A505E2794332700A28149 /* GalleryController + CollectionDelegateFlowLayout.swift in Sources */,
			);
			runOnlyForDeploymentPostprocessing = 0;
		};
/* End PBXSourcesBuildPhase section */

/* Begin PBXVariantGroup section */
		0AC85704277AF3A5004255E7 /* Main.storyboard */ = {
			isa = PBXVariantGroup;
			children = (
				0AC85705277AF3A5004255E7 /* Base */,
			);
			name = Main.storyboard;
			sourceTree = "<group>";
		};
		0AC85709277AF3A8004255E7 /* LaunchScreen.storyboard */ = {
			isa = PBXVariantGroup;
			children = (
				0AC8570A277AF3A8004255E7 /* Base */,
			);
			name = LaunchScreen.storyboard;
			sourceTree = "<group>";
		};
/* End PBXVariantGroup section */

/* Begin XCBuildConfiguration section */
		0AC8570D277AF3A8004255E7 /* Debug */ = {
			isa = XCBuildConfiguration;
			buildSettings = {
				ALWAYS_SEARCH_USER_PATHS = NO;
				CLANG_ANALYZER_NONNULL = YES;
				CLANG_ANALYZER_NUMBER_OBJECT_CONVERSION = YES_AGGRESSIVE;
				CLANG_CXX_LANGUAGE_STANDARD = "gnu++17";
				CLANG_CXX_LIBRARY = "libc++";
				CLANG_ENABLE_MODULES = YES;
				CLANG_ENABLE_OBJC_ARC = YES;
				CLANG_ENABLE_OBJC_WEAK = YES;
				CLANG_WARN_BLOCK_CAPTURE_AUTORELEASING = YES;
				CLANG_WARN_BOOL_CONVERSION = YES;
				CLANG_WARN_COMMA = YES;
				CLANG_WARN_CONSTANT_CONVERSION = YES;
				CLANG_WARN_DEPRECATED_OBJC_IMPLEMENTATIONS = YES;
				CLANG_WARN_DIRECT_OBJC_ISA_USAGE = YES_ERROR;
				CLANG_WARN_DOCUMENTATION_COMMENTS = YES;
				CLANG_WARN_EMPTY_BODY = YES;
				CLANG_WARN_ENUM_CONVERSION = YES;
				CLANG_WARN_INFINITE_RECURSION = YES;
				CLANG_WARN_INT_CONVERSION = YES;
				CLANG_WARN_NON_LITERAL_NULL_CONVERSION = YES;
				CLANG_WARN_OBJC_IMPLICIT_RETAIN_SELF = YES;
				CLANG_WARN_OBJC_LITERAL_CONVERSION = YES;
				CLANG_WARN_OBJC_ROOT_CLASS = YES_ERROR;
				CLANG_WARN_QUOTED_INCLUDE_IN_FRAMEWORK_HEADER = YES;
				CLANG_WARN_RANGE_LOOP_ANALYSIS = YES;
				CLANG_WARN_STRICT_PROTOTYPES = YES;
				CLANG_WARN_SUSPICIOUS_MOVE = YES;
				CLANG_WARN_UNGUARDED_AVAILABILITY = YES_AGGRESSIVE;
				CLANG_WARN_UNREACHABLE_CODE = YES;
				CLANG_WARN__DUPLICATE_METHOD_MATCH = YES;
				COPY_PHASE_STRIP = NO;
				DEBUG_INFORMATION_FORMAT = dwarf;
				ENABLE_STRICT_OBJC_MSGSEND = YES;
				ENABLE_TESTABILITY = YES;
				GCC_C_LANGUAGE_STANDARD = gnu11;
				GCC_DYNAMIC_NO_PIC = NO;
				GCC_NO_COMMON_BLOCKS = YES;
				GCC_OPTIMIZATION_LEVEL = 0;
				GCC_PREPROCESSOR_DEFINITIONS = (
					"DEBUG=1",
					"$(inherited)",
				);
				GCC_WARN_64_TO_32_BIT_CONVERSION = YES;
				GCC_WARN_ABOUT_RETURN_TYPE = YES_ERROR;
				GCC_WARN_UNDECLARED_SELECTOR = YES;
				GCC_WARN_UNINITIALIZED_AUTOS = YES_AGGRESSIVE;
				GCC_WARN_UNUSED_FUNCTION = YES;
				GCC_WARN_UNUSED_VARIABLE = YES;
				IPHONEOS_DEPLOYMENT_TARGET = 15.0;
				MTL_ENABLE_DEBUG_INFO = INCLUDE_SOURCE;
				MTL_FAST_MATH = YES;
				ONLY_ACTIVE_ARCH = YES;
				SDKROOT = iphoneos;
				SWIFT_ACTIVE_COMPILATION_CONDITIONS = DEBUG;
				SWIFT_OPTIMIZATION_LEVEL = "-Onone";
			};
			name = Debug;
		};
		0AC8570E277AF3A8004255E7 /* Release */ = {
			isa = XCBuildConfiguration;
			buildSettings = {
				ALWAYS_SEARCH_USER_PATHS = NO;
				CLANG_ANALYZER_NONNULL = YES;
				CLANG_ANALYZER_NUMBER_OBJECT_CONVERSION = YES_AGGRESSIVE;
				CLANG_CXX_LANGUAGE_STANDARD = "gnu++17";
				CLANG_CXX_LIBRARY = "libc++";
				CLANG_ENABLE_MODULES = YES;
				CLANG_ENABLE_OBJC_ARC = YES;
				CLANG_ENABLE_OBJC_WEAK = YES;
				CLANG_WARN_BLOCK_CAPTURE_AUTORELEASING = YES;
				CLANG_WARN_BOOL_CONVERSION = YES;
				CLANG_WARN_COMMA = YES;
				CLANG_WARN_CONSTANT_CONVERSION = YES;
				CLANG_WARN_DEPRECATED_OBJC_IMPLEMENTATIONS = YES;
				CLANG_WARN_DIRECT_OBJC_ISA_USAGE = YES_ERROR;
				CLANG_WARN_DOCUMENTATION_COMMENTS = YES;
				CLANG_WARN_EMPTY_BODY = YES;
				CLANG_WARN_ENUM_CONVERSION = YES;
				CLANG_WARN_INFINITE_RECURSION = YES;
				CLANG_WARN_INT_CONVERSION = YES;
				CLANG_WARN_NON_LITERAL_NULL_CONVERSION = YES;
				CLANG_WARN_OBJC_IMPLICIT_RETAIN_SELF = YES;
				CLANG_WARN_OBJC_LITERAL_CONVERSION = YES;
				CLANG_WARN_OBJC_ROOT_CLASS = YES_ERROR;
				CLANG_WARN_QUOTED_INCLUDE_IN_FRAMEWORK_HEADER = YES;
				CLANG_WARN_RANGE_LOOP_ANALYSIS = YES;
				CLANG_WARN_STRICT_PROTOTYPES = YES;
				CLANG_WARN_SUSPICIOUS_MOVE = YES;
				CLANG_WARN_UNGUARDED_AVAILABILITY = YES_AGGRESSIVE;
				CLANG_WARN_UNREACHABLE_CODE = YES;
				CLANG_WARN__DUPLICATE_METHOD_MATCH = YES;
				COPY_PHASE_STRIP = NO;
				DEBUG_INFORMATION_FORMAT = "dwarf-with-dsym";
				ENABLE_NS_ASSERTIONS = NO;
				ENABLE_STRICT_OBJC_MSGSEND = YES;
				GCC_C_LANGUAGE_STANDARD = gnu11;
				GCC_NO_COMMON_BLOCKS = YES;
				GCC_WARN_64_TO_32_BIT_CONVERSION = YES;
				GCC_WARN_ABOUT_RETURN_TYPE = YES_ERROR;
				GCC_WARN_UNDECLARED_SELECTOR = YES;
				GCC_WARN_UNINITIALIZED_AUTOS = YES_AGGRESSIVE;
				GCC_WARN_UNUSED_FUNCTION = YES;
				GCC_WARN_UNUSED_VARIABLE = YES;
				IPHONEOS_DEPLOYMENT_TARGET = 15.0;
				MTL_ENABLE_DEBUG_INFO = NO;
				MTL_FAST_MATH = YES;
				SDKROOT = iphoneos;
				SWIFT_COMPILATION_MODE = wholemodule;
				SWIFT_OPTIMIZATION_LEVEL = "-O";
				VALIDATE_PRODUCT = YES;
			};
			name = Release;
		};
		0AC85710277AF3A8004255E7 /* Debug */ = {
			isa = XCBuildConfiguration;
			buildSettings = {
				ASSETCATALOG_COMPILER_APPICON_NAME = AppIcon;
				ASSETCATALOG_COMPILER_GLOBAL_ACCENT_COLOR_NAME = AccentColor;
				CODE_SIGN_STYLE = Automatic;
				CURRENT_PROJECT_VERSION = 1;
				DEVELOPMENT_TEAM = 72L86J73F3;
				GENERATE_INFOPLIST_FILE = YES;
				INFOPLIST_FILE = "VK Client/Info.plist";
				INFOPLIST_KEY_UIApplicationSupportsIndirectInputEvents = YES;
				INFOPLIST_KEY_UILaunchStoryboardName = LaunchScreen;
				INFOPLIST_KEY_UIMainStoryboardFile = Main;
				INFOPLIST_KEY_UISupportedInterfaceOrientations = UIInterfaceOrientationPortrait;
				INFOPLIST_KEY_UISupportedInterfaceOrientations_iPad = "UIInterfaceOrientationPortrait UIInterfaceOrientationPortraitUpsideDown UIInterfaceOrientationLandscapeLeft UIInterfaceOrientationLandscapeRight";
				INFOPLIST_KEY_UISupportedInterfaceOrientations_iPhone = "UIInterfaceOrientationPortrait UIInterfaceOrientationLandscapeLeft UIInterfaceOrientationLandscapeRight";
				LD_RUNPATH_SEARCH_PATHS = (
					"$(inherited)",
					"@executable_path/Frameworks",
				);
				MARKETING_VERSION = 1.0;
				PRODUCT_BUNDLE_IDENTIFIER = "Fisk-inc.VK-Client";
				PRODUCT_NAME = "$(TARGET_NAME)";
				SWIFT_EMIT_LOC_STRINGS = YES;
				SWIFT_VERSION = 5.0;
				TARGETED_DEVICE_FAMILY = "1,2";
			};
			name = Debug;
		};
		0AC85711277AF3A8004255E7 /* Release */ = {
			isa = XCBuildConfiguration;
			buildSettings = {
				ASSETCATALOG_COMPILER_APPICON_NAME = AppIcon;
				ASSETCATALOG_COMPILER_GLOBAL_ACCENT_COLOR_NAME = AccentColor;
				CODE_SIGN_STYLE = Automatic;
				CURRENT_PROJECT_VERSION = 1;
				DEVELOPMENT_TEAM = 72L86J73F3;
				GENERATE_INFOPLIST_FILE = YES;
				INFOPLIST_FILE = "VK Client/Info.plist";
				INFOPLIST_KEY_UIApplicationSupportsIndirectInputEvents = YES;
				INFOPLIST_KEY_UILaunchStoryboardName = LaunchScreen;
				INFOPLIST_KEY_UIMainStoryboardFile = Main;
				INFOPLIST_KEY_UISupportedInterfaceOrientations = UIInterfaceOrientationPortrait;
				INFOPLIST_KEY_UISupportedInterfaceOrientations_iPad = "UIInterfaceOrientationPortrait UIInterfaceOrientationPortraitUpsideDown UIInterfaceOrientationLandscapeLeft UIInterfaceOrientationLandscapeRight";
				INFOPLIST_KEY_UISupportedInterfaceOrientations_iPhone = "UIInterfaceOrientationPortrait UIInterfaceOrientationLandscapeLeft UIInterfaceOrientationLandscapeRight";
				LD_RUNPATH_SEARCH_PATHS = (
					"$(inherited)",
					"@executable_path/Frameworks",
				);
				MARKETING_VERSION = 1.0;
				PRODUCT_BUNDLE_IDENTIFIER = "Fisk-inc.VK-Client";
				PRODUCT_NAME = "$(TARGET_NAME)";
				SWIFT_EMIT_LOC_STRINGS = YES;
				SWIFT_VERSION = 5.0;
				TARGETED_DEVICE_FAMILY = "1,2";
			};
			name = Release;
		};
/* End XCBuildConfiguration section */

/* Begin XCConfigurationList section */
		0AC856F6277AF3A5004255E7 /* Build configuration list for PBXProject "VK Client" */ = {
			isa = XCConfigurationList;
			buildConfigurations = (
				0AC8570D277AF3A8004255E7 /* Debug */,
				0AC8570E277AF3A8004255E7 /* Release */,
			);
			defaultConfigurationIsVisible = 0;
			defaultConfigurationName = Release;
		};
		0AC8570F277AF3A8004255E7 /* Build configuration list for PBXNativeTarget "VK Client" */ = {
			isa = XCConfigurationList;
			buildConfigurations = (
				0AC85710277AF3A8004255E7 /* Debug */,
				0AC85711277AF3A8004255E7 /* Release */,
			);
			defaultConfigurationIsVisible = 0;
			defaultConfigurationName = Release;
		};
/* End XCConfigurationList section */
	};
	rootObject = 0AC856F3277AF3A5004255E7 /* Project object */;
}
